Microsoft Visual Studio Solution File, Format Version 12.00
# Visual Studio 15
VisualStudioVersion = 15.0.26124.0
MinimumVisualStudioVersion = 15.0.26124.0
Project("{2150E333-8FDC-42A3-9474-1A3956D46DE8}") = "src", "src", "{025223C4-B2B6-44B6-9100-8571AA3BE78F}"
EndProject
Project("{F2A71F9B-5D33-465A-A702-920D77279786}") = "Day01", "src\Day01\Day01.fsproj", "{8D552A42-4120-4177-8BEC-22C11E00ED0F}"
EndProject
Project("{F2A71F9B-5D33-465A-A702-920D77279786}") = "Day02", "src\Day02\Day02.fsproj", "{2CC4021F-20EE-49F8-8B7C-D8422598F668}"
EndProject
Project("{F2A71F9B-5D33-465A-A702-920D77279786}") = "Day03", "src\Day03\Day03.fsproj", "{DF48BD1D-9713-4029-88FA-17B2C798618C}"
EndProject
Project("{F2A71F9B-5D33-465A-A702-920D77279786}") = "Day04", "src\Day04\Day04.fsproj", "{84AD77FE-E963-444D-A8F1-985CA6138354}"
EndProject
Project("{F2A71F9B-5D33-465A-A702-920D77279786}") = "Day05", "src\Day05\Day05.fsproj", "{8258609E-C066-4F1F-828E-BFFB45B5FB70}"
EndProject
Project("{F2A71F9B-5D33-465A-A702-920D77279786}") = "Day06", "src\Day06\Day06.fsproj", "{B26B0117-3895-4534-95C2-0A79B4C2D2D3}"
EndProject
Project("{F2A71F9B-5D33-465A-A702-920D77279786}") = "Day07", "src\Day07\Day07.fsproj", "{0281867A-839C-45C9-86C1-D4B3187E6069}"
EndProject
Project("{F2A71F9B-5D33-465A-A702-920D77279786}") = "Day08", "src\Day08\Day08.fsproj", "{7C1E156A-8F29-4EEE-9856-4ED53889FBC7}"
EndProject
Project("{F2A71F9B-5D33-465A-A702-920D77279786}") = "Day09", "src\Day09\Day09.fsproj", "{338F29DD-852E-477D-B199-CE531B5E0F9C}"
EndProject
Project("{F2A71F9B-5D33-465A-A702-920D77279786}") = "Day10", "src\Day10\Day10.fsproj", "{C695C29A-57D7-47FE-9548-5CF25BD365E9}"
EndProject
Project("{F2A71F9B-5D33-465A-A702-920D77279786}") = "Day11", "src\Day11\Day11.fsproj", "{3DEF069E-C894-47CE-A663-C2EBDCD0FD6A}"
EndProject
Project("{F2A71F9B-5D33-465A-A702-920D77279786}") = "Day12", "src\Day12\Day12.fsproj", "{3A2451BC-9271-4772-B28E-8AF277D3D29C}"
EndProject
Project("{F2A71F9B-5D33-465A-A702-920D77279786}") = "Day13", "src\Day13\Day13.fsproj", "{F3D89F74-C71A-482F-9180-9F4708D3BC9E}"
EndProject
Global
	GlobalSection(SolutionConfigurationPlatforms) = preSolution
		Debug|Any CPU = Debug|Any CPU
		Debug|x64 = Debug|x64
		Debug|x86 = Debug|x86
		Release|Any CPU = Release|Any CPU
		Release|x64 = Release|x64
		Release|x86 = Release|x86
	EndGlobalSection
	GlobalSection(SolutionProperties) = preSolution
		HideSolutionNode = FALSE
	EndGlobalSection
	GlobalSection(ProjectConfigurationPlatforms) = postSolution
		{8D552A42-4120-4177-8BEC-22C11E00ED0F}.Debug|Any CPU.ActiveCfg = Debug|Any CPU
		{8D552A42-4120-4177-8BEC-22C11E00ED0F}.Debug|Any CPU.Build.0 = Debug|Any CPU
		{8D552A42-4120-4177-8BEC-22C11E00ED0F}.Debug|x64.ActiveCfg = Debug|Any CPU
		{8D552A42-4120-4177-8BEC-22C11E00ED0F}.Debug|x64.Build.0 = Debug|Any CPU
		{8D552A42-4120-4177-8BEC-22C11E00ED0F}.Debug|x86.ActiveCfg = Debug|Any CPU
		{8D552A42-4120-4177-8BEC-22C11E00ED0F}.Debug|x86.Build.0 = Debug|Any CPU
		{8D552A42-4120-4177-8BEC-22C11E00ED0F}.Release|Any CPU.ActiveCfg = Release|Any CPU
		{8D552A42-4120-4177-8BEC-22C11E00ED0F}.Release|Any CPU.Build.0 = Release|Any CPU
		{8D552A42-4120-4177-8BEC-22C11E00ED0F}.Release|x64.ActiveCfg = Release|Any CPU
		{8D552A42-4120-4177-8BEC-22C11E00ED0F}.Release|x64.Build.0 = Release|Any CPU
		{8D552A42-4120-4177-8BEC-22C11E00ED0F}.Release|x86.ActiveCfg = Release|Any CPU
		{8D552A42-4120-4177-8BEC-22C11E00ED0F}.Release|x86.Build.0 = Release|Any CPU
		{2CC4021F-20EE-49F8-8B7C-D8422598F668}.Debug|Any CPU.ActiveCfg = Debug|Any CPU
		{2CC4021F-20EE-49F8-8B7C-D8422598F668}.Debug|Any CPU.Build.0 = Debug|Any CPU
		{2CC4021F-20EE-49F8-8B7C-D8422598F668}.Debug|x64.ActiveCfg = Debug|Any CPU
		{2CC4021F-20EE-49F8-8B7C-D8422598F668}.Debug|x64.Build.0 = Debug|Any CPU
		{2CC4021F-20EE-49F8-8B7C-D8422598F668}.Debug|x86.ActiveCfg = Debug|Any CPU
		{2CC4021F-20EE-49F8-8B7C-D8422598F668}.Debug|x86.Build.0 = Debug|Any CPU
		{2CC4021F-20EE-49F8-8B7C-D8422598F668}.Release|Any CPU.ActiveCfg = Release|Any CPU
		{2CC4021F-20EE-49F8-8B7C-D8422598F668}.Release|Any CPU.Build.0 = Release|Any CPU
		{2CC4021F-20EE-49F8-8B7C-D8422598F668}.Release|x64.ActiveCfg = Release|Any CPU
		{2CC4021F-20EE-49F8-8B7C-D8422598F668}.Release|x64.Build.0 = Release|Any CPU
		{2CC4021F-20EE-49F8-8B7C-D8422598F668}.Release|x86.ActiveCfg = Release|Any CPU
		{2CC4021F-20EE-49F8-8B7C-D8422598F668}.Release|x86.Build.0 = Release|Any CPU
		{DF48BD1D-9713-4029-88FA-17B2C798618C}.Debug|Any CPU.ActiveCfg = Debug|Any CPU
		{DF48BD1D-9713-4029-88FA-17B2C798618C}.Debug|Any CPU.Build.0 = Debug|Any CPU
		{DF48BD1D-9713-4029-88FA-17B2C798618C}.Debug|x64.ActiveCfg = Debug|Any CPU
		{DF48BD1D-9713-4029-88FA-17B2C798618C}.Debug|x64.Build.0 = Debug|Any CPU
		{DF48BD1D-9713-4029-88FA-17B2C798618C}.Debug|x86.ActiveCfg = Debug|Any CPU
		{DF48BD1D-9713-4029-88FA-17B2C798618C}.Debug|x86.Build.0 = Debug|Any CPU
		{DF48BD1D-9713-4029-88FA-17B2C798618C}.Release|Any CPU.ActiveCfg = Release|Any CPU
		{DF48BD1D-9713-4029-88FA-17B2C798618C}.Release|Any CPU.Build.0 = Release|Any CPU
		{DF48BD1D-9713-4029-88FA-17B2C798618C}.Release|x64.ActiveCfg = Release|Any CPU
		{DF48BD1D-9713-4029-88FA-17B2C798618C}.Release|x64.Build.0 = Release|Any CPU
		{DF48BD1D-9713-4029-88FA-17B2C798618C}.Release|x86.ActiveCfg = Release|Any CPU
		{DF48BD1D-9713-4029-88FA-17B2C798618C}.Release|x86.Build.0 = Release|Any CPU
		{84AD77FE-E963-444D-A8F1-985CA6138354}.Debug|Any CPU.ActiveCfg = Debug|Any CPU
		{84AD77FE-E963-444D-A8F1-985CA6138354}.Debug|Any CPU.Build.0 = Debug|Any CPU
		{84AD77FE-E963-444D-A8F1-985CA6138354}.Debug|x64.ActiveCfg = Debug|Any CPU
		{84AD77FE-E963-444D-A8F1-985CA6138354}.Debug|x64.Build.0 = Debug|Any CPU
		{84AD77FE-E963-444D-A8F1-985CA6138354}.Debug|x86.ActiveCfg = Debug|Any CPU
		{84AD77FE-E963-444D-A8F1-985CA6138354}.Debug|x86.Build.0 = Debug|Any CPU
		{84AD77FE-E963-444D-A8F1-985CA6138354}.Release|Any CPU.ActiveCfg = Release|Any CPU
		{84AD77FE-E963-444D-A8F1-985CA6138354}.Release|Any CPU.Build.0 = Release|Any CPU
		{84AD77FE-E963-444D-A8F1-985CA6138354}.Release|x64.ActiveCfg = Release|Any CPU
		{84AD77FE-E963-444D-A8F1-985CA6138354}.Release|x64.Build.0 = Release|Any CPU
		{84AD77FE-E963-444D-A8F1-985CA6138354}.Release|x86.ActiveCfg = Release|Any CPU
		{84AD77FE-E963-444D-A8F1-985CA6138354}.Release|x86.Build.0 = Release|Any CPU
		{8258609E-C066-4F1F-828E-BFFB45B5FB70}.Debug|Any CPU.ActiveCfg = Debug|Any CPU
		{8258609E-C066-4F1F-828E-BFFB45B5FB70}.Debug|Any CPU.Build.0 = Debug|Any CPU
		{8258609E-C066-4F1F-828E-BFFB45B5FB70}.Debug|x64.ActiveCfg = Debug|Any CPU
		{8258609E-C066-4F1F-828E-BFFB45B5FB70}.Debug|x64.Build.0 = Debug|Any CPU
		{8258609E-C066-4F1F-828E-BFFB45B5FB70}.Debug|x86.ActiveCfg = Debug|Any CPU
		{8258609E-C066-4F1F-828E-BFFB45B5FB70}.Debug|x86.Build.0 = Debug|Any CPU
		{8258609E-C066-4F1F-828E-BFFB45B5FB70}.Release|Any CPU.ActiveCfg = Release|Any CPU
		{8258609E-C066-4F1F-828E-BFFB45B5FB70}.Release|Any CPU.Build.0 = Release|Any CPU
		{8258609E-C066-4F1F-828E-BFFB45B5FB70}.Release|x64.ActiveCfg = Release|Any CPU
		{8258609E-C066-4F1F-828E-BFFB45B5FB70}.Release|x64.Build.0 = Release|Any CPU
		{8258609E-C066-4F1F-828E-BFFB45B5FB70}.Release|x86.ActiveCfg = Release|Any CPU
		{8258609E-C066-4F1F-828E-BFFB45B5FB70}.Release|x86.Build.0 = Release|Any CPU
		{B26B0117-3895-4534-95C2-0A79B4C2D2D3}.Debug|Any CPU.ActiveCfg = Debug|Any CPU
		{B26B0117-3895-4534-95C2-0A79B4C2D2D3}.Debug|Any CPU.Build.0 = Debug|Any CPU
		{B26B0117-3895-4534-95C2-0A79B4C2D2D3}.Debug|x64.ActiveCfg = Debug|Any CPU
		{B26B0117-3895-4534-95C2-0A79B4C2D2D3}.Debug|x64.Build.0 = Debug|Any CPU
		{B26B0117-3895-4534-95C2-0A79B4C2D2D3}.Debug|x86.ActiveCfg = Debug|Any CPU
		{B26B0117-3895-4534-95C2-0A79B4C2D2D3}.Debug|x86.Build.0 = Debug|Any CPU
		{B26B0117-3895-4534-95C2-0A79B4C2D2D3}.Release|Any CPU.ActiveCfg = Release|Any CPU
		{B26B0117-3895-4534-95C2-0A79B4C2D2D3}.Release|Any CPU.Build.0 = Release|Any CPU
		{B26B0117-3895-4534-95C2-0A79B4C2D2D3}.Release|x64.ActiveCfg = Release|Any CPU
		{B26B0117-3895-4534-95C2-0A79B4C2D2D3}.Release|x64.Build.0 = Release|Any CPU
		{B26B0117-3895-4534-95C2-0A79B4C2D2D3}.Release|x86.ActiveCfg = Release|Any CPU
		{B26B0117-3895-4534-95C2-0A79B4C2D2D3}.Release|x86.Build.0 = Release|Any CPU
		{0281867A-839C-45C9-86C1-D4B3187E6069}.Debug|Any CPU.ActiveCfg = Debug|Any CPU
		{0281867A-839C-45C9-86C1-D4B3187E6069}.Debug|Any CPU.Build.0 = Debug|Any CPU
		{0281867A-839C-45C9-86C1-D4B3187E6069}.Debug|x64.ActiveCfg = Debug|Any CPU
		{0281867A-839C-45C9-86C1-D4B3187E6069}.Debug|x64.Build.0 = Debug|Any CPU
		{0281867A-839C-45C9-86C1-D4B3187E6069}.Debug|x86.ActiveCfg = Debug|Any CPU
		{0281867A-839C-45C9-86C1-D4B3187E6069}.Debug|x86.Build.0 = Debug|Any CPU
		{0281867A-839C-45C9-86C1-D4B3187E6069}.Release|Any CPU.ActiveCfg = Release|Any CPU
		{0281867A-839C-45C9-86C1-D4B3187E6069}.Release|Any CPU.Build.0 = Release|Any CPU
		{0281867A-839C-45C9-86C1-D4B3187E6069}.Release|x64.ActiveCfg = Release|Any CPU
		{0281867A-839C-45C9-86C1-D4B3187E6069}.Release|x64.Build.0 = Release|Any CPU
		{0281867A-839C-45C9-86C1-D4B3187E6069}.Release|x86.ActiveCfg = Release|Any CPU
		{0281867A-839C-45C9-86C1-D4B3187E6069}.Release|x86.Build.0 = Release|Any CPU
		{7C1E156A-8F29-4EEE-9856-4ED53889FBC7}.Debug|Any CPU.ActiveCfg = Debug|Any CPU
		{7C1E156A-8F29-4EEE-9856-4ED53889FBC7}.Debug|Any CPU.Build.0 = Debug|Any CPU
		{7C1E156A-8F29-4EEE-9856-4ED53889FBC7}.Debug|x64.ActiveCfg = Debug|Any CPU
		{7C1E156A-8F29-4EEE-9856-4ED53889FBC7}.Debug|x64.Build.0 = Debug|Any CPU
		{7C1E156A-8F29-4EEE-9856-4ED53889FBC7}.Debug|x86.ActiveCfg = Debug|Any CPU
		{7C1E156A-8F29-4EEE-9856-4ED53889FBC7}.Debug|x86.Build.0 = Debug|Any CPU
		{7C1E156A-8F29-4EEE-9856-4ED53889FBC7}.Release|Any CPU.ActiveCfg = Release|Any CPU
		{7C1E156A-8F29-4EEE-9856-4ED53889FBC7}.Release|Any CPU.Build.0 = Release|Any CPU
		{7C1E156A-8F29-4EEE-9856-4ED53889FBC7}.Release|x64.ActiveCfg = Release|Any CPU
		{7C1E156A-8F29-4EEE-9856-4ED53889FBC7}.Release|x64.Build.0 = Release|Any CPU
		{7C1E156A-8F29-4EEE-9856-4ED53889FBC7}.Release|x86.ActiveCfg = Release|Any CPU
		{7C1E156A-8F29-4EEE-9856-4ED53889FBC7}.Release|x86.Build.0 = Release|Any CPU
		{338F29DD-852E-477D-B199-CE531B5E0F9C}.Debug|Any CPU.ActiveCfg = Debug|Any CPU
		{338F29DD-852E-477D-B199-CE531B5E0F9C}.Debug|Any CPU.Build.0 = Debug|Any CPU
		{338F29DD-852E-477D-B199-CE531B5E0F9C}.Debug|x64.ActiveCfg = Debug|Any CPU
		{338F29DD-852E-477D-B199-CE531B5E0F9C}.Debug|x64.Build.0 = Debug|Any CPU
		{338F29DD-852E-477D-B199-CE531B5E0F9C}.Debug|x86.ActiveCfg = Debug|Any CPU
		{338F29DD-852E-477D-B199-CE531B5E0F9C}.Debug|x86.Build.0 = Debug|Any CPU
		{338F29DD-852E-477D-B199-CE531B5E0F9C}.Release|Any CPU.ActiveCfg = Release|Any CPU
		{338F29DD-852E-477D-B199-CE531B5E0F9C}.Release|Any CPU.Build.0 = Release|Any CPU
		{338F29DD-852E-477D-B199-CE531B5E0F9C}.Release|x64.ActiveCfg = Release|Any CPU
		{338F29DD-852E-477D-B199-CE531B5E0F9C}.Release|x64.Build.0 = Release|Any CPU
		{338F29DD-852E-477D-B199-CE531B5E0F9C}.Release|x86.ActiveCfg = Release|Any CPU
		{338F29DD-852E-477D-B199-CE531B5E0F9C}.Release|x86.Build.0 = Release|Any CPU
		{C695C29A-57D7-47FE-9548-5CF25BD365E9}.Debug|Any CPU.ActiveCfg = Debug|Any CPU
		{C695C29A-57D7-47FE-9548-5CF25BD365E9}.Debug|Any CPU.Build.0 = Debug|Any CPU
		{C695C29A-57D7-47FE-9548-5CF25BD365E9}.Debug|x64.ActiveCfg = Debug|Any CPU
		{C695C29A-57D7-47FE-9548-5CF25BD365E9}.Debug|x64.Build.0 = Debug|Any CPU
		{C695C29A-57D7-47FE-9548-5CF25BD365E9}.Debug|x86.ActiveCfg = Debug|Any CPU
		{C695C29A-57D7-47FE-9548-5CF25BD365E9}.Debug|x86.Build.0 = Debug|Any CPU
		{C695C29A-57D7-47FE-9548-5CF25BD365E9}.Release|Any CPU.ActiveCfg = Release|Any CPU
		{C695C29A-57D7-47FE-9548-5CF25BD365E9}.Release|Any CPU.Build.0 = Release|Any CPU
		{C695C29A-57D7-47FE-9548-5CF25BD365E9}.Release|x64.ActiveCfg = Release|Any CPU
		{C695C29A-57D7-47FE-9548-5CF25BD365E9}.Release|x64.Build.0 = Release|Any CPU
		{C695C29A-57D7-47FE-9548-5CF25BD365E9}.Release|x86.ActiveCfg = Release|Any CPU
		{C695C29A-57D7-47FE-9548-5CF25BD365E9}.Release|x86.Build.0 = Release|Any CPU
		{3DEF069E-C894-47CE-A663-C2EBDCD0FD6A}.Debug|Any CPU.ActiveCfg = Debug|Any CPU
		{3DEF069E-C894-47CE-A663-C2EBDCD0FD6A}.Debug|Any CPU.Build.0 = Debug|Any CPU
		{3DEF069E-C894-47CE-A663-C2EBDCD0FD6A}.Debug|x64.ActiveCfg = Debug|Any CPU
		{3DEF069E-C894-47CE-A663-C2EBDCD0FD6A}.Debug|x64.Build.0 = Debug|Any CPU
		{3DEF069E-C894-47CE-A663-C2EBDCD0FD6A}.Debug|x86.ActiveCfg = Debug|Any CPU
		{3DEF069E-C894-47CE-A663-C2EBDCD0FD6A}.Debug|x86.Build.0 = Debug|Any CPU
		{3DEF069E-C894-47CE-A663-C2EBDCD0FD6A}.Release|Any CPU.ActiveCfg = Release|Any CPU
		{3DEF069E-C894-47CE-A663-C2EBDCD0FD6A}.Release|Any CPU.Build.0 = Release|Any CPU
		{3DEF069E-C894-47CE-A663-C2EBDCD0FD6A}.Release|x64.ActiveCfg = Release|Any CPU
		{3DEF069E-C894-47CE-A663-C2EBDCD0FD6A}.Release|x64.Build.0 = Release|Any CPU
		{3DEF069E-C894-47CE-A663-C2EBDCD0FD6A}.Release|x86.ActiveCfg = Release|Any CPU
		{3DEF069E-C894-47CE-A663-C2EBDCD0FD6A}.Release|x86.Build.0 = Release|Any CPU
		{3A2451BC-9271-4772-B28E-8AF277D3D29C}.Debug|Any CPU.ActiveCfg = Debug|Any CPU
		{3A2451BC-9271-4772-B28E-8AF277D3D29C}.Debug|Any CPU.Build.0 = Debug|Any CPU
		{3A2451BC-9271-4772-B28E-8AF277D3D29C}.Debug|x64.ActiveCfg = Debug|Any CPU
		{3A2451BC-9271-4772-B28E-8AF277D3D29C}.Debug|x64.Build.0 = Debug|Any CPU
		{3A2451BC-9271-4772-B28E-8AF277D3D29C}.Debug|x86.ActiveCfg = Debug|Any CPU
		{3A2451BC-9271-4772-B28E-8AF277D3D29C}.Debug|x86.Build.0 = Debug|Any CPU
		{3A2451BC-9271-4772-B28E-8AF277D3D29C}.Release|Any CPU.ActiveCfg = Release|Any CPU
		{3A2451BC-9271-4772-B28E-8AF277D3D29C}.Release|Any CPU.Build.0 = Release|Any CPU
		{3A2451BC-9271-4772-B28E-8AF277D3D29C}.Release|x64.ActiveCfg = Release|Any CPU
		{3A2451BC-9271-4772-B28E-8AF277D3D29C}.Release|x64.Build.0 = Release|Any CPU
		{3A2451BC-9271-4772-B28E-8AF277D3D29C}.Release|x86.ActiveCfg = Release|Any CPU
		{3A2451BC-9271-4772-B28E-8AF277D3D29C}.Release|x86.Build.0 = Release|Any CPU
		{F3D89F74-C71A-482F-9180-9F4708D3BC9E}.Debug|Any CPU.ActiveCfg = Debug|Any CPU
		{F3D89F74-C71A-482F-9180-9F4708D3BC9E}.Debug|Any CPU.Build.0 = Debug|Any CPU
		{F3D89F74-C71A-482F-9180-9F4708D3BC9E}.Debug|x64.ActiveCfg = Debug|Any CPU
		{F3D89F74-C71A-482F-9180-9F4708D3BC9E}.Debug|x64.Build.0 = Debug|Any CPU
		{F3D89F74-C71A-482F-9180-9F4708D3BC9E}.Debug|x86.ActiveCfg = Debug|Any CPU
		{F3D89F74-C71A-482F-9180-9F4708D3BC9E}.Debug|x86.Build.0 = Debug|Any CPU
		{F3D89F74-C71A-482F-9180-9F4708D3BC9E}.Release|Any CPU.ActiveCfg = Release|Any CPU
		{F3D89F74-C71A-482F-9180-9F4708D3BC9E}.Release|Any CPU.Build.0 = Release|Any CPU
		{F3D89F74-C71A-482F-9180-9F4708D3BC9E}.Release|x64.ActiveCfg = Release|Any CPU
		{F3D89F74-C71A-482F-9180-9F4708D3BC9E}.Release|x64.Build.0 = Release|Any CPU
		{F3D89F74-C71A-482F-9180-9F4708D3BC9E}.Release|x86.ActiveCfg = Release|Any CPU
		{F3D89F74-C71A-482F-9180-9F4708D3BC9E}.Release|x86.Build.0 = Release|Any CPU
	EndGlobalSection
	GlobalSection(NestedProjects) = preSolution
		{8D552A42-4120-4177-8BEC-22C11E00ED0F} = {025223C4-B2B6-44B6-9100-8571AA3BE78F}
		{2CC4021F-20EE-49F8-8B7C-D8422598F668} = {025223C4-B2B6-44B6-9100-8571AA3BE78F}
		{DF48BD1D-9713-4029-88FA-17B2C798618C} = {025223C4-B2B6-44B6-9100-8571AA3BE78F}
		{84AD77FE-E963-444D-A8F1-985CA6138354} = {025223C4-B2B6-44B6-9100-8571AA3BE78F}
		{8258609E-C066-4F1F-828E-BFFB45B5FB70} = {025223C4-B2B6-44B6-9100-8571AA3BE78F}
		{B26B0117-3895-4534-95C2-0A79B4C2D2D3} = {025223C4-B2B6-44B6-9100-8571AA3BE78F}
		{0281867A-839C-45C9-86C1-D4B3187E6069} = {025223C4-B2B6-44B6-9100-8571AA3BE78F}
		{7C1E156A-8F29-4EEE-9856-4ED53889FBC7} = {025223C4-B2B6-44B6-9100-8571AA3BE78F}
		{338F29DD-852E-477D-B199-CE531B5E0F9C} = {025223C4-B2B6-44B6-9100-8571AA3BE78F}
		{C695C29A-57D7-47FE-9548-5CF25BD365E9} = {025223C4-B2B6-44B6-9100-8571AA3BE78F}
		{3DEF069E-C894-47CE-A663-C2EBDCD0FD6A} = {025223C4-B2B6-44B6-9100-8571AA3BE78F}
		{3A2451BC-9271-4772-B28E-8AF277D3D29C} = {025223C4-B2B6-44B6-9100-8571AA3BE78F}
		{F3D89F74-C71A-482F-9180-9F4708D3BC9E} = {025223C4-B2B6-44B6-9100-8571AA3BE78F}
	EndGlobalSection
EndGlobal
